
Microsoft Visual Studio Solution File, Format Version 12.00
# Visual Studio Version 17
VisualStudioVersion = 17.8.34330.188
MinimumVisualStudioVersion = 10.0.40219.1
Project("{FAE04EC0-301F-11D3-BF4B-00C04F79EFBC}") = "Core_Proje", "Core_Proje\Core_Proje.csproj", "{AB824911-1737-4B8F-92C0-EEB33326BDE2}"
EndProject
Project("{FAE04EC0-301F-11D3-BF4B-00C04F79EFBC}") = "BusinessLayer", "BusinessLayer\BusinessLayer.csproj", "{6BA9DC30-FD3D-4E66-885E-1686126DE8A6}"
EndProject
Project("{FAE04EC0-301F-11D3-BF4B-00C04F79EFBC}") = "DataAccessLayer", "DataAccessLayer\DataAccessLayer.csproj", "{1B19182C-F800-494F-973E-8C7E0659DB62}"
EndProject
Project("{FAE04EC0-301F-11D3-BF4B-00C04F79EFBC}") = "EntityLayer", "EntityLayer\EntityLayer.csproj", "{49961EDC-2D46-4192-84A2-239E3A19F2C2}"
EndProject
Global
	GlobalSection(SolutionConfigurationPlatforms) = preSolution
		Debug|Any CPU = Debug|Any CPU
		Release|Any CPU = Release|Any CPU
	EndGlobalSection
	GlobalSection(ProjectConfigurationPlatforms) = postSolution
		{AB824911-1737-4B8F-92C0-EEB33326BDE2}.Debug|Any CPU.ActiveCfg = Debug|Any CPU
		{AB824911-1737-4B8F-92C0-EEB33326BDE2}.Debug|Any CPU.Build.0 = Debug|Any CPU
		{AB824911-1737-4B8F-92C0-EEB33326BDE2}.Release|Any CPU.ActiveCfg = Release|Any CPU
		{AB824911-1737-4B8F-92C0-EEB33326BDE2}.Release|Any CPU.Build.0 = Release|Any CPU
		{6BA9DC30-FD3D-4E66-885E-1686126DE8A6}.Debug|Any CPU.ActiveCfg = Debug|Any CPU
		{6BA9DC30-FD3D-4E66-885E-1686126DE8A6}.Debug|Any CPU.Build.0 = Debug|Any CPU
		{6BA9DC30-FD3D-4E66-885E-1686126DE8A6}.Release|Any CPU.ActiveCfg = Release|Any CPU
		{6BA9DC30-FD3D-4E66-885E-1686126DE8A6}.Release|Any CPU.Build.0 = Release|Any CPU
		{1B19182C-F800-494F-973E-8C7E0659DB62}.Debug|Any CPU.ActiveCfg = Debug|Any CPU
		{1B19182C-F800-494F-973E-8C7E0659DB62}.Debug|Any CPU.Build.0 = Debug|Any CPU
		{1B19182C-F800-494F-973E-8C7E0659DB62}.Release|Any CPU.ActiveCfg = Release|Any CPU
		{1B19182C-F800-494F-973E-8C7E0659DB62}.Release|Any CPU.Build.0 = Release|Any CPU
		{49961EDC-2D46-4192-84A2-239E3A19F2C2}.Debug|Any CPU.ActiveCfg = Debug|Any CPU
		{49961EDC-2D46-4192-84A2-239E3A19F2C2}.Debug|Any CPU.Build.0 = Debug|Any CPU
		{49961EDC-2D46-4192-84A2-239E3A19F2C2}.Release|Any CPU.ActiveCfg = Release|Any CPU
		{49961EDC-2D46-4192-84A2-239E3A19F2C2}.Release|Any CPU.Build.0 = Release|Any CPU
	EndGlobalSection
	GlobalSection(SolutionProperties) = preSolution
		HideSolutionNode = FALSE
	EndGlobalSection
	GlobalSection(ExtensibilityGlobals) = postSolution
		SolutionGuid = {1DE94272-651C-4C3F-956A-96C867E1A310}
	EndGlobalSection
EndGlobal
